
Microsoft Visual Studio Solution File, Format Version 12.00
Project("{FAE04EC0-301F-11D3-BF4B-00C04F79EFBC}") = "LINQ_RestrictionOperators", "LINQ_RestrictionOperators\LINQ_RestrictionOperators.csproj", "{5C43CA48-2E0D-4455-A545-FB5BC5FB3A67}"
EndProject
Project("{FAE04EC0-301F-11D3-BF4B-00C04F79EFBC}") = "LINQ_Common", "LINQ_Common\LINQ_Common.csproj", "{E73A2BCF-31A1-40BD-AA47-24ECAFB0C811}"
EndProject
Project("{FAE04EC0-301F-11D3-BF4B-00C04F79EFBC}") = "LINQ_ProjectionOperators", "LINQ_ProjectionOperators\LINQ_ProjectionOperators.csproj", "{26036061-5A81-4831-BA66-981282408CC0}"
EndProject
Project("{FAE04EC0-301F-11D3-BF4B-00C04F79EFBC}") = "LINQ_PartitioningOperators", "LINQ_PartitioningOperators\LINQ_PartitioningOperators.csproj", "{BF1531F0-B4A7-4150-990B-4E204AD21233}"
EndProject
Project("{FAE04EC0-301F-11D3-BF4B-00C04F79EFBC}") = "LINQ_OrderingOperators", "LINQ_OrderingOperators\LINQ_OrderingOperators.csproj", "{F2E364F8-51B7-4C14-88CE-151566093EF4}"
EndProject
Project("{FAE04EC0-301F-11D3-BF4B-00C04F79EFBC}") = "LINQ_GroupingOperators", "LINQ_GroupingOperators\LINQ_GroupingOperators.csproj", "{E5C1D51B-BCA5-4AF9-976E-B27A62EF9712}"
EndProject
Project("{FAE04EC0-301F-11D3-BF4B-00C04F79EFBC}") = "LINQ_SetOperators", "LINQ_SetOperators\LINQ_SetOperators.csproj", "{44607AA3-AABC-4585-A56A-893C883C57F7}"
EndProject
Project("{FAE04EC0-301F-11D3-BF4B-00C04F79EFBC}") = "LINQ_ConversionOperators", "LINQ_ConversionOperators\LINQ_ConversionOperators.csproj", "{F63FC86B-B890-42FA-ABB6-55F236D19F92}"
EndProject
Project("{FAE04EC0-301F-11D3-BF4B-00C04F79EFBC}") = "LINQ_ElementOperators", "LINQ_ElementOperators\LINQ_ElementOperators.csproj", "{91C4EB9E-46B4-4230-BE37-4439FF4B5BDD}"
EndProject
Project("{FAE04EC0-301F-11D3-BF4B-00C04F79EFBC}") = "LINQ_Quantifiers", "LINQ_Quantifiers\LINQ_Quantifiers.csproj", "{2D9F55F5-AB4C-4170-8635-269BC0735AC9}"
EndProject
Project("{FAE04EC0-301F-11D3-BF4B-00C04F79EFBC}") = "LINQ_AggregateOperators", "LINQ_AggregateOperators\LINQ_AggregateOperators.csproj", "{684D7F25-6410-4A2B-8D31-AA12937C15D9}"
EndProject
Project("{FAE04EC0-301F-11D3-BF4B-00C04F79EFBC}") = "LINQ_MiscellaneousOperators", "LINQ_MiscellaneousOperators\LINQ_MiscellaneousOperators.csproj", "{9B896C3B-3A65-4B26-B279-CD763C812C34}"
EndProject
Project("{FAE04EC0-301F-11D3-BF4B-00C04F79EFBC}") = "LINQ_CustomSequenceOperators", "LINQ_CustomSequenceOperators\LINQ_CustomSequenceOperators.csproj", "{117D2121-BF4D-48A6-BB39-A18F3DA45EB4}"
EndProject
Project("{FAE04EC0-301F-11D3-BF4B-00C04F79EFBC}") = "LINQ_QueryExecution", "LINQ_QueryExecution\LINQ_QueryExecution.csproj", "{84B0C946-656A-40BF-9CFD-F46DE34A0D85}"
EndProject
Project("{FAE04EC0-301F-11D3-BF4B-00C04F79EFBC}") = "LINQ_JoinOperators", "LINQ_JoinOperators\LINQ_JoinOperators.csproj", "{6F4AA0D2-E7D7-4E99-BC74-1D55DA90F6A2}"
EndProject
Global
	GlobalSection(SolutionConfigurationPlatforms) = preSolution
		Debug|Any CPU = Debug|Any CPU
		Release|Any CPU = Release|Any CPU
	EndGlobalSection
	GlobalSection(ProjectConfigurationPlatforms) = postSolution
		{5C43CA48-2E0D-4455-A545-FB5BC5FB3A67}.Debug|Any CPU.ActiveCfg = Debug|Any CPU
		{5C43CA48-2E0D-4455-A545-FB5BC5FB3A67}.Debug|Any CPU.Build.0 = Debug|Any CPU
		{5C43CA48-2E0D-4455-A545-FB5BC5FB3A67}.Release|Any CPU.ActiveCfg = Release|Any CPU
		{5C43CA48-2E0D-4455-A545-FB5BC5FB3A67}.Release|Any CPU.Build.0 = Release|Any CPU
		{E73A2BCF-31A1-40BD-AA47-24ECAFB0C811}.Debug|Any CPU.ActiveCfg = Debug|Any CPU
		{E73A2BCF-31A1-40BD-AA47-24ECAFB0C811}.Debug|Any CPU.Build.0 = Debug|Any CPU
		{E73A2BCF-31A1-40BD-AA47-24ECAFB0C811}.Release|Any CPU.ActiveCfg = Release|Any CPU
		{E73A2BCF-31A1-40BD-AA47-24ECAFB0C811}.Release|Any CPU.Build.0 = Release|Any CPU
		{26036061-5A81-4831-BA66-981282408CC0}.Debug|Any CPU.ActiveCfg = Debug|Any CPU
		{26036061-5A81-4831-BA66-981282408CC0}.Debug|Any CPU.Build.0 = Debug|Any CPU
		{26036061-5A81-4831-BA66-981282408CC0}.Release|Any CPU.ActiveCfg = Release|Any CPU
		{26036061-5A81-4831-BA66-981282408CC0}.Release|Any CPU.Build.0 = Release|Any CPU
		{BF1531F0-B4A7-4150-990B-4E204AD21233}.Debug|Any CPU.ActiveCfg = Debug|Any CPU
		{BF1531F0-B4A7-4150-990B-4E204AD21233}.Debug|Any CPU.Build.0 = Debug|Any CPU
		{BF1531F0-B4A7-4150-990B-4E204AD21233}.Release|Any CPU.ActiveCfg = Release|Any CPU
		{BF1531F0-B4A7-4150-990B-4E204AD21233}.Release|Any CPU.Build.0 = Release|Any CPU
		{F2E364F8-51B7-4C14-88CE-151566093EF4}.Debug|Any CPU.ActiveCfg = Debug|Any CPU
		{F2E364F8-51B7-4C14-88CE-151566093EF4}.Debug|Any CPU.Build.0 = Debug|Any CPU
		{F2E364F8-51B7-4C14-88CE-151566093EF4}.Release|Any CPU.ActiveCfg = Release|Any CPU
		{F2E364F8-51B7-4C14-88CE-151566093EF4}.Release|Any CPU.Build.0 = Release|Any CPU
		{E5C1D51B-BCA5-4AF9-976E-B27A62EF9712}.Debug|Any CPU.ActiveCfg = Debug|Any CPU
		{E5C1D51B-BCA5-4AF9-976E-B27A62EF9712}.Debug|Any CPU.Build.0 = Debug|Any CPU
		{E5C1D51B-BCA5-4AF9-976E-B27A62EF9712}.Release|Any CPU.ActiveCfg = Release|Any CPU
		{E5C1D51B-BCA5-4AF9-976E-B27A62EF9712}.Release|Any CPU.Build.0 = Release|Any CPU
		{44607AA3-AABC-4585-A56A-893C883C57F7}.Debug|Any CPU.ActiveCfg = Debug|Any CPU
		{44607AA3-AABC-4585-A56A-893C883C57F7}.Debug|Any CPU.Build.0 = Debug|Any CPU
		{44607AA3-AABC-4585-A56A-893C883C57F7}.Release|Any CPU.ActiveCfg = Release|Any CPU
		{44607AA3-AABC-4585-A56A-893C883C57F7}.Release|Any CPU.Build.0 = Release|Any CPU
		{F63FC86B-B890-42FA-ABB6-55F236D19F92}.Debug|Any CPU.ActiveCfg = Debug|Any CPU
		{F63FC86B-B890-42FA-ABB6-55F236D19F92}.Debug|Any CPU.Build.0 = Debug|Any CPU
		{F63FC86B-B890-42FA-ABB6-55F236D19F92}.Release|Any CPU.ActiveCfg = Release|Any CPU
		{F63FC86B-B890-42FA-ABB6-55F236D19F92}.Release|Any CPU.Build.0 = Release|Any CPU
		{91C4EB9E-46B4-4230-BE37-4439FF4B5BDD}.Debug|Any CPU.ActiveCfg = Debug|Any CPU
		{91C4EB9E-46B4-4230-BE37-4439FF4B5BDD}.Debug|Any CPU.Build.0 = Debug|Any CPU
		{91C4EB9E-46B4-4230-BE37-4439FF4B5BDD}.Release|Any CPU.ActiveCfg = Release|Any CPU
		{91C4EB9E-46B4-4230-BE37-4439FF4B5BDD}.Release|Any CPU.Build.0 = Release|Any CPU
		{2D9F55F5-AB4C-4170-8635-269BC0735AC9}.Debug|Any CPU.ActiveCfg = Debug|Any CPU
		{2D9F55F5-AB4C-4170-8635-269BC0735AC9}.Debug|Any CPU.Build.0 = Debug|Any CPU
		{2D9F55F5-AB4C-4170-8635-269BC0735AC9}.Release|Any CPU.ActiveCfg = Release|Any CPU
		{2D9F55F5-AB4C-4170-8635-269BC0735AC9}.Release|Any CPU.Build.0 = Release|Any CPU
		{684D7F25-6410-4A2B-8D31-AA12937C15D9}.Debug|Any CPU.ActiveCfg = Debug|Any CPU
		{684D7F25-6410-4A2B-8D31-AA12937C15D9}.Debug|Any CPU.Build.0 = Debug|Any CPU
		{684D7F25-6410-4A2B-8D31-AA12937C15D9}.Release|Any CPU.ActiveCfg = Release|Any CPU
		{684D7F25-6410-4A2B-8D31-AA12937C15D9}.Release|Any CPU.Build.0 = Release|Any CPU
		{9B896C3B-3A65-4B26-B279-CD763C812C34}.Debug|Any CPU.ActiveCfg = Debug|Any CPU
		{9B896C3B-3A65-4B26-B279-CD763C812C34}.Debug|Any CPU.Build.0 = Debug|Any CPU
		{9B896C3B-3A65-4B26-B279-CD763C812C34}.Release|Any CPU.ActiveCfg = Release|Any CPU
		{9B896C3B-3A65-4B26-B279-CD763C812C34}.Release|Any CPU.Build.0 = Release|Any CPU
		{117D2121-BF4D-48A6-BB39-A18F3DA45EB4}.Debug|Any CPU.ActiveCfg = Debug|Any CPU
		{117D2121-BF4D-48A6-BB39-A18F3DA45EB4}.Debug|Any CPU.Build.0 = Debug|Any CPU
		{117D2121-BF4D-48A6-BB39-A18F3DA45EB4}.Release|Any CPU.ActiveCfg = Release|Any CPU
		{117D2121-BF4D-48A6-BB39-A18F3DA45EB4}.Release|Any CPU.Build.0 = Release|Any CPU
		{84B0C946-656A-40BF-9CFD-F46DE34A0D85}.Debug|Any CPU.ActiveCfg = Debug|Any CPU
		{84B0C946-656A-40BF-9CFD-F46DE34A0D85}.Debug|Any CPU.Build.0 = Debug|Any CPU
		{84B0C946-656A-40BF-9CFD-F46DE34A0D85}.Release|Any CPU.ActiveCfg = Release|Any CPU
		{84B0C946-656A-40BF-9CFD-F46DE34A0D85}.Release|Any CPU.Build.0 = Release|Any CPU
		{6F4AA0D2-E7D7-4E99-BC74-1D55DA90F6A2}.Debug|Any CPU.ActiveCfg = Debug|Any CPU
		{6F4AA0D2-E7D7-4E99-BC74-1D55DA90F6A2}.Debug|Any CPU.Build.0 = Debug|Any CPU
		{6F4AA0D2-E7D7-4E99-BC74-1D55DA90F6A2}.Release|Any CPU.ActiveCfg = Release|Any CPU
		{6F4AA0D2-E7D7-4E99-BC74-1D55DA90F6A2}.Release|Any CPU.Build.0 = Release|Any CPU
	EndGlobalSection
EndGlobal
